// !$*UTF8*$!
{
	archiveVersion = 1;
	classes = {
	};
	objectVersion = 77;
	objects = {

/* Begin PBXBuildFile section */
		F54CCD002CA2DD2D00B12C0E /* UserViewModel.swift in Sources */ = {isa = PBXBuildFile; fileRef = F54CCCFF2CA2DD2D00B12C0E /* UserViewModel.swift */; };
		F54CCD022CA2E08F00B12C0E /* LoginView.swift in Sources */ = {isa = PBXBuildFile; fileRef = F54CCD012CA2E08F00B12C0E /* LoginView.swift */; };
		F54CCD042CA2E6DE00B12C0E /* CategoryListView.swift in Sources */ = {isa = PBXBuildFile; fileRef = F54CCD032CA2E6DE00B12C0E /* CategoryListView.swift */; };
		F54CCD062CA2E71500B12C0E /* SnippetListView.swift in Sources */ = {isa = PBXBuildFile; fileRef = F54CCD052CA2E71500B12C0E /* SnippetListView.swift */; };
		F56DF89A2CA46AD30003A2F6 /* EditProfileView.swift in Sources */ = {isa = PBXBuildFile; fileRef = F56DF8992CA46AD30003A2F6 /* EditProfileView.swift */; };
		F57105CE2CA1659400E2922C /* Preview Assets.xcassets in Resources */ = {isa = PBXBuildFile; fileRef = F57105C82CA1659400E2922C /* Preview Assets.xcassets */; };
		F57105CF2CA1659400E2922C /* Assets.xcassets in Resources */ = {isa = PBXBuildFile; fileRef = F57105CA2CA1659400E2922C /* Assets.xcassets */; };
		F57105D02CA1659400E2922C /* CODSnippetSaverApp.swift in Sources */ = {isa = PBXBuildFile; fileRef = F57105CB2CA1659400E2922C /* CODSnippetSaverApp.swift */; };
		F57105D62CA1692200E2922C /* FirebaseAuth in Frameworks */ = {isa = PBXBuildFile; productRef = F57105D52CA1692200E2922C /* FirebaseAuth */; };
		F57105D82CA1692200E2922C /* FirebaseCrashlytics in Frameworks */ = {isa = PBXBuildFile; productRef = F57105D72CA1692200E2922C /* FirebaseCrashlytics */; };
		F57105DC2CA173D500E2922C /* GoogleService-Info.plist in Resources */ = {isa = PBXBuildFile; fileRef = F57105DB2CA173D500E2922C /* GoogleService-Info.plist */; };
		F57105E12CA1766000E2922C /* CODSnippetView.swift in Sources */ = {isa = PBXBuildFile; fileRef = F57105E02CA1766000E2922C /* CODSnippetView.swift */; };
		F57105E52CA176F500E2922C /* FirebaseFirestore in Frameworks */ = {isa = PBXBuildFile; productRef = F57105E42CA176F500E2922C /* FirebaseFirestore */; };
		F5ABD4B92CA4241A00195808 /* FirebaseManager.swift in Sources */ = {isa = PBXBuildFile; fileRef = F5ABD4B82CA4241A00195808 /* FirebaseManager.swift */; };
		F5ABD4BB2CA42A5600195808 /* FireUser.swift in Sources */ = {isa = PBXBuildFile; fileRef = F5ABD4BA2CA42A5600195808 /* FireUser.swift */; };
		F5ABD4BD2CA43AB900195808 /* ProfileView.swift in Sources */ = {isa = PBXBuildFile; fileRef = F5ABD4BC2CA43AB900195808 /* ProfileView.swift */; };
		F5C670E92CA5B81400AFE233 /* SnippetDetailView.swift in Sources */ = {isa = PBXBuildFile; fileRef = F5C670E82CA5B81400AFE233 /* SnippetDetailView.swift */; };
		F5E943362CA55D2500BE3072 /* Untitled.swift in Sources */ = {isa = PBXBuildFile; fileRef = F5E943352CA55D2300BE3072 /* Untitled.swift */; };
		F5E943382CA5674A00BE3072 /* FireSnippet.swift in Sources */ = {isa = PBXBuildFile; fileRef = F5E943372CA5674A00BE3072 /* FireSnippet.swift */; };
		F5E9433A2CA567E300BE3072 /* SnippetViewModel.swift in Sources */ = {isa = PBXBuildFile; fileRef = F5E943392CA567E300BE3072 /* SnippetViewModel.swift */; };
		F5E9433D2CA56E8B00BE3072 /* SnippetAddView.swift in Sources */ = {isa = PBXBuildFile; fileRef = F5E9433C2CA56E8B00BE3072 /* SnippetAddView.swift */; };
/* End PBXBuildFile section */

/* Begin PBXContainerItemProxy section */
		F57105AC2CA1658E00E2922C /* PBXContainerItemProxy */ = {
			isa = PBXContainerItemProxy;
			containerPortal = F57105932CA1658C00E2922C /* Project object */;
			proxyType = 1;
			remoteGlobalIDString = F571059A2CA1658C00E2922C;
			remoteInfo = CODSnippetSaver;
		};
		F57105B62CA1658E00E2922C /* PBXContainerItemProxy */ = {
			isa = PBXContainerItemProxy;
			containerPortal = F57105932CA1658C00E2922C /* Project object */;
			proxyType = 1;
			remoteGlobalIDString = F571059A2CA1658C00E2922C;
			remoteInfo = CODSnippetSaver;
		};
/* End PBXContainerItemProxy section */

/* Begin PBXFileReference section */
		F54CCCFF2CA2DD2D00B12C0E /* UserViewModel.swift */ = {isa = PBXFileReference; lastKnownFileType = sourcecode.swift; path = UserViewModel.swift; sourceTree = "<group>"; };
		F54CCD012CA2E08F00B12C0E /* LoginView.swift */ = {isa = PBXFileReference; lastKnownFileType = sourcecode.swift; path = LoginView.swift; sourceTree = "<group>"; };
		F54CCD032CA2E6DE00B12C0E /* CategoryListView.swift */ = {isa = PBXFileReference; lastKnownFileType = sourcecode.swift; path = CategoryListView.swift; sourceTree = "<group>"; };
		F54CCD052CA2E71500B12C0E /* SnippetListView.swift */ = {isa = PBXFileReference; lastKnownFileType = sourcecode.swift; path = SnippetListView.swift; sourceTree = "<group>"; };
		F56DF8992CA46AD30003A2F6 /* EditProfileView.swift */ = {isa = PBXFileReference; lastKnownFileType = sourcecode.swift; path = EditProfileView.swift; sourceTree = "<group>"; };
		F571059B2CA1658C00E2922C /* CODSnippetSaver.app */ = {isa = PBXFileReference; explicitFileType = wrapper.application; includeInIndex = 0; path = CODSnippetSaver.app; sourceTree = BUILT_PRODUCTS_DIR; };
		F57105AB2CA1658E00E2922C /* CODSnippetSaverTests.xctest */ = {isa = PBXFileReference; explicitFileType = wrapper.cfbundle; includeInIndex = 0; path = CODSnippetSaverTests.xctest; sourceTree = BUILT_PRODUCTS_DIR; };
		F57105B52CA1658E00E2922C /* CODSnippetSaverUITests.xctest */ = {isa = PBXFileReference; explicitFileType = wrapper.cfbundle; includeInIndex = 0; path = CODSnippetSaverUITests.xctest; sourceTree = BUILT_PRODUCTS_DIR; };
		F57105C82CA1659400E2922C /* Preview Assets.xcassets */ = {isa = PBXFileReference; lastKnownFileType = folder.assetcatalog; path = "Preview Assets.xcassets"; sourceTree = "<group>"; };
		F57105CA2CA1659400E2922C /* Assets.xcassets */ = {isa = PBXFileReference; lastKnownFileType = folder.assetcatalog; path = Assets.xcassets; sourceTree = "<group>"; };
		F57105CB2CA1659400E2922C /* CODSnippetSaverApp.swift */ = {isa = PBXFileReference; lastKnownFileType = sourcecode.swift; path = CODSnippetSaverApp.swift; sourceTree = "<group>"; };
		F57105DB2CA173D500E2922C /* GoogleService-Info.plist */ = {isa = PBXFileReference; lastKnownFileType = text.plist.xml; path = "GoogleService-Info.plist"; sourceTree = "<group>"; };
		F57105E02CA1766000E2922C /* CODSnippetView.swift */ = {isa = PBXFileReference; lastKnownFileType = sourcecode.swift; path = CODSnippetView.swift; sourceTree = "<group>"; };
		F5ABD4B82CA4241A00195808 /* FirebaseManager.swift */ = {isa = PBXFileReference; lastKnownFileType = sourcecode.swift; path = FirebaseManager.swift; sourceTree = "<group>"; };
		F5ABD4BA2CA42A5600195808 /* FireUser.swift */ = {isa = PBXFileReference; lastKnownFileType = sourcecode.swift; path = FireUser.swift; sourceTree = "<group>"; };
		F5ABD4BC2CA43AB900195808 /* ProfileView.swift */ = {isa = PBXFileReference; lastKnownFileType = sourcecode.swift; path = ProfileView.swift; sourceTree = "<group>"; };
		F5C670E82CA5B81400AFE233 /* SnippetDetailView.swift */ = {isa = PBXFileReference; lastKnownFileType = sourcecode.swift; path = SnippetDetailView.swift; sourceTree = "<group>"; };
		F5E943352CA55D2300BE3072 /* Untitled.swift */ = {isa = PBXFileReference; lastKnownFileType = sourcecode.swift; path = Untitled.swift; sourceTree = "<group>"; };
		F5E943372CA5674A00BE3072 /* FireSnippet.swift */ = {isa = PBXFileReference; lastKnownFileType = sourcecode.swift; path = FireSnippet.swift; sourceTree = "<group>"; };
		F5E943392CA567E300BE3072 /* SnippetViewModel.swift */ = {isa = PBXFileReference; lastKnownFileType = sourcecode.swift; path = SnippetViewModel.swift; sourceTree = "<group>"; };
		F5E9433C2CA56E8B00BE3072 /* SnippetAddView.swift */ = {isa = PBXFileReference; lastKnownFileType = sourcecode.swift; path = SnippetAddView.swift; sourceTree = "<group>"; };
/* End PBXFileReference section */

/* Begin PBXFileSystemSynchronizedRootGroup section */
		F57105AE2CA1658E00E2922C /* CODSnippetSaverTests */ = {
			isa = PBXFileSystemSynchronizedRootGroup;
			path = CODSnippetSaverTests;
			sourceTree = "<group>";
		};
		F57105B82CA1658E00E2922C /* CODSnippetSaverUITests */ = {
			isa = PBXFileSystemSynchronizedRootGroup;
			path = CODSnippetSaverUITests;
			sourceTree = "<group>";
		};
/* End PBXFileSystemSynchronizedRootGroup section */

/* Begin PBXFrameworksBuildPhase section */
		F57105982CA1658C00E2922C /* Frameworks */ = {
			isa = PBXFrameworksBuildPhase;
			buildActionMask = 2147483647;
			files = (
				F57105D62CA1692200E2922C /* FirebaseAuth in Frameworks */,
				F57105D82CA1692200E2922C /* FirebaseCrashlytics in Frameworks */,
				F57105E52CA176F500E2922C /* FirebaseFirestore in Frameworks */,
			);
			runOnlyForDeploymentPostprocessing = 0;
		};
		F57105A82CA1658E00E2922C /* Frameworks */ = {
			isa = PBXFrameworksBuildPhase;
			buildActionMask = 2147483647;
			files = (
			);
			runOnlyForDeploymentPostprocessing = 0;
		};
		F57105B22CA1658E00E2922C /* Frameworks */ = {
			isa = PBXFrameworksBuildPhase;
			buildActionMask = 2147483647;
			files = (
			);
			runOnlyForDeploymentPostprocessing = 0;
		};
/* End PBXFrameworksBuildPhase section */

/* Begin PBXGroup section */
		F54CCCFE2CA2DD0E00B12C0E /* ViewModels */ = {
			isa = PBXGroup;
			children = (
				F54CCCFF2CA2DD2D00B12C0E /* UserViewModel.swift */,
				F5E943392CA567E300BE3072 /* SnippetViewModel.swift */,
			);
			path = ViewModels;
			sourceTree = "<group>";
		};
		F56DF89B2CA474060003A2F6 /* Profile */ = {
			isa = PBXGroup;
			children = (
				F5ABD4BC2CA43AB900195808 /* ProfileView.swift */,
				F56DF89C2CA474420003A2F6 /* SubViews */,
			);
			path = Profile;
			sourceTree = "<group>";
		};
		F56DF89C2CA474420003A2F6 /* SubViews */ = {
			isa = PBXGroup;
			children = (
				F56DF8992CA46AD30003A2F6 /* EditProfileView.swift */,
				F5E943352CA55D2300BE3072 /* Untitled.swift */,
			);
			path = SubViews;
			sourceTree = "<group>";
		};
		F56DF89D2CA474540003A2F6 /* Snippet */ = {
			isa = PBXGroup;
			children = (
				F54CCD052CA2E71500B12C0E /* SnippetListView.swift */,
				F5E9433B2CA56E6600BE3072 /* SubViews */,
			);
			path = Snippet;
			sourceTree = "<group>";
		};
		F56DF89E2CA4745C0003A2F6 /* Catogory */ = {
			isa = PBXGroup;
			children = (
				F54CCD032CA2E6DE00B12C0E /* CategoryListView.swift */,
			);
			path = Catogory;
			sourceTree = "<group>";
		};
		F56DF89F2CA4747E0003A2F6 /* Login */ = {
			isa = PBXGroup;
			children = (
				F54CCD012CA2E08F00B12C0E /* LoginView.swift */,
			);
			path = Login;
			sourceTree = "<group>";
		};
		F57105922CA1658C00E2922C = {
			isa = PBXGroup;
			children = (
				F57105CD2CA1659400E2922C /* CODSnippetSaver */,
				F57105AE2CA1658E00E2922C /* CODSnippetSaverTests */,
				F57105B82CA1658E00E2922C /* CODSnippetSaverUITests */,
				F57105E32CA176F500E2922C /* Frameworks */,
				F571059C2CA1658C00E2922C /* Products */,
			);
			sourceTree = "<group>";
		};
		F571059C2CA1658C00E2922C /* Products */ = {
			isa = PBXGroup;
			children = (
				F571059B2CA1658C00E2922C /* CODSnippetSaver.app */,
				F57105AB2CA1658E00E2922C /* CODSnippetSaverTests.xctest */,
				F57105B52CA1658E00E2922C /* CODSnippetSaverUITests.xctest */,
			);
			name = Products;
			sourceTree = "<group>";
		};
		F57105C92CA1659400E2922C /* Views */ = {
			isa = PBXGroup;
			children = (
				F57105E02CA1766000E2922C /* CODSnippetView.swift */,
				F56DF89F2CA4747E0003A2F6 /* Login */,
				F56DF89E2CA4745C0003A2F6 /* Catogory */,
				F56DF89D2CA474540003A2F6 /* Snippet */,
				F56DF89B2CA474060003A2F6 /* Profile */,
			);
			path = Views;
			sourceTree = "<group>";
		};
		F57105CD2CA1659400E2922C /* CODSnippetSaver */ = {
			isa = PBXGroup;
			children = (
				F57105CA2CA1659400E2922C /* Assets.xcassets */,
				F57105CB2CA1659400E2922C /* CODSnippetSaverApp.swift */,
				F5ABD4A82CA4152100195808 /* Models */,
				F54CCCFE2CA2DD0E00B12C0E /* ViewModels */,
				F57105C92CA1659400E2922C /* Views */,
				F5ABD4B72CA423FE00195808 /* Manager */,
				F57105E22CA1768400E2922C /* Preview Assets */,
				F57105DB2CA173D500E2922C /* GoogleService-Info.plist */,
			);
			path = CODSnippetSaver;
			sourceTree = "<group>";
		};
		F57105E22CA1768400E2922C /* Preview Assets */ = {
			isa = PBXGroup;
			children = (
				F57105C82CA1659400E2922C /* Preview Assets.xcassets */,
			);
			path = "Preview Assets";
			sourceTree = "<group>";
		};
		F57105E32CA176F500E2922C /* Frameworks */ = {
			isa = PBXGroup;
			children = (
			);
			name = Frameworks;
			sourceTree = "<group>";
		};
		F5ABD4A82CA4152100195808 /* Models */ = {
			isa = PBXGroup;
			children = (
				F5ABD4BA2CA42A5600195808 /* FireUser.swift */,
				F5E943372CA5674A00BE3072 /* FireSnippet.swift */,
			);
			path = Models;
			sourceTree = "<group>";
		};
		F5ABD4B72CA423FE00195808 /* Manager */ = {
			isa = PBXGroup;
			children = (
				F5ABD4B82CA4241A00195808 /* FirebaseManager.swift */,
			);
			path = Manager;
			sourceTree = "<group>";
		};
		F5E9433B2CA56E6600BE3072 /* SubViews */ = {
			isa = PBXGroup;
			children = (
				F5E9433C2CA56E8B00BE3072 /* SnippetAddView.swift */,
				F5C670E82CA5B81400AFE233 /* SnippetDetailView.swift */,
			);
			path = SubViews;
			sourceTree = "<group>";
		};
/* End PBXGroup section */

/* Begin PBXNativeTarget section */
		F571059A2CA1658C00E2922C /* CODSnippetSaver */ = {
			isa = PBXNativeTarget;
			buildConfigurationList = F57105BF2CA1658E00E2922C /* Build configuration list for PBXNativeTarget "CODSnippetSaver" */;
			buildPhases = (
				F57105972CA1658C00E2922C /* Sources */,
				F57105982CA1658C00E2922C /* Frameworks */,
				F57105992CA1658C00E2922C /* Resources */,
				F57105E62CA17BDB00E2922C /* CrashLytics */,
			);
			buildRules = (
			);
			dependencies = (
			);
			name = CODSnippetSaver;
			packageProductDependencies = (
				F57105D52CA1692200E2922C /* FirebaseAuth */,
				F57105D72CA1692200E2922C /* FirebaseCrashlytics */,
				F57105E42CA176F500E2922C /* FirebaseFirestore */,
			);
			productName = CODSnippetSaver;
			productReference = F571059B2CA1658C00E2922C /* CODSnippetSaver.app */;
			productType = "com.apple.product-type.application";
		};
		F57105AA2CA1658E00E2922C /* CODSnippetSaverTests */ = {
			isa = PBXNativeTarget;
			buildConfigurationList = F57105C22CA1658E00E2922C /* Build configuration list for PBXNativeTarget "CODSnippetSaverTests" */;
			buildPhases = (
				F57105A72CA1658E00E2922C /* Sources */,
				F57105A82CA1658E00E2922C /* Frameworks */,
				F57105A92CA1658E00E2922C /* Resources */,
			);
			buildRules = (
			);
			dependencies = (
				F57105AD2CA1658E00E2922C /* PBXTargetDependency */,
			);
			fileSystemSynchronizedGroups = (
				F57105AE2CA1658E00E2922C /* CODSnippetSaverTests */,
			);
			name = CODSnippetSaverTests;
			packageProductDependencies = (
			);
			productName = CODSnippetSaverTests;
			productReference = F57105AB2CA1658E00E2922C /* CODSnippetSaverTests.xctest */;
			productType = "com.apple.product-type.bundle.unit-test";
		};
		F57105B42CA1658E00E2922C /* CODSnippetSaverUITests */ = {
			isa = PBXNativeTarget;
			buildConfigurationList = F57105C52CA1658E00E2922C /* Build configuration list for PBXNativeTarget "CODSnippetSaverUITests" */;
			buildPhases = (
				F57105B12CA1658E00E2922C /* Sources */,
				F57105B22CA1658E00E2922C /* Frameworks */,
				F57105B32CA1658E00E2922C /* Resources */,
			);
			buildRules = (
			);
			dependencies = (
				F57105B72CA1658E00E2922C /* PBXTargetDependency */,
			);
			fileSystemSynchronizedGroups = (
				F57105B82CA1658E00E2922C /* CODSnippetSaverUITests */,
			);
			name = CODSnippetSaverUITests;
			packageProductDependencies = (
			);
			productName = CODSnippetSaverUITests;
			productReference = F57105B52CA1658E00E2922C /* CODSnippetSaverUITests.xctest */;
			productType = "com.apple.product-type.bundle.ui-testing";
		};
/* End PBXNativeTarget section */

/* Begin PBXProject section */
		F57105932CA1658C00E2922C /* Project object */ = {
			isa = PBXProject;
			attributes = {
				BuildIndependentTargetsInParallel = 1;
				LastSwiftUpdateCheck = 1600;
				LastUpgradeCheck = 1600;
				TargetAttributes = {
					F571059A2CA1658C00E2922C = {
						CreatedOnToolsVersion = 16.0;
					};
					F57105AA2CA1658E00E2922C = {
						CreatedOnToolsVersion = 16.0;
						TestTargetID = F571059A2CA1658C00E2922C;
					};
					F57105B42CA1658E00E2922C = {
						CreatedOnToolsVersion = 16.0;
						TestTargetID = F571059A2CA1658C00E2922C;
					};
				};
			};
			buildConfigurationList = F57105962CA1658C00E2922C /* Build configuration list for PBXProject "CODSnippetSaver" */;
			developmentRegion = en;
			hasScannedForEncodings = 0;
			knownRegions = (
				en,
				Base,
			);
			mainGroup = F57105922CA1658C00E2922C;
			minimizedProjectReferenceProxies = 1;
			packageReferences = (
				F57105D42CA1692200E2922C /* XCRemoteSwiftPackageReference "firebase-ios-sdk" */,
			);
			preferredProjectObjectVersion = 77;
			productRefGroup = F571059C2CA1658C00E2922C /* Products */;
			projectDirPath = "";
			projectRoot = "";
			targets = (
				F571059A2CA1658C00E2922C /* CODSnippetSaver */,
				F57105AA2CA1658E00E2922C /* CODSnippetSaverTests */,
				F57105B42CA1658E00E2922C /* CODSnippetSaverUITests */,
			);
		};
/* End PBXProject section */

/* Begin PBXResourcesBuildPhase section */
		F57105992CA1658C00E2922C /* Resources */ = {
			isa = PBXResourcesBuildPhase;
			buildActionMask = 2147483647;
			files = (
				F57105CE2CA1659400E2922C /* Preview Assets.xcassets in Resources */,
				F57105CF2CA1659400E2922C /* Assets.xcassets in Resources */,
				F57105DC2CA173D500E2922C /* GoogleService-Info.plist in Resources */,
			);
			runOnlyForDeploymentPostprocessing = 0;
		};
		F57105A92CA1658E00E2922C /* Resources */ = {
			isa = PBXResourcesBuildPhase;
			buildActionMask = 2147483647;
			files = (
			);
			runOnlyForDeploymentPostprocessing = 0;
		};
		F57105B32CA1658E00E2922C /* Resources */ = {
			isa = PBXResourcesBuildPhase;
			buildActionMask = 2147483647;
			files = (
			);
			runOnlyForDeploymentPostprocessing = 0;
		};
/* End PBXResourcesBuildPhase section */

/* Begin PBXShellScriptBuildPhase section */
		F57105E62CA17BDB00E2922C /* CrashLytics */ = {
			isa = PBXShellScriptBuildPhase;
			alwaysOutOfDate = 1;
			buildActionMask = 2147483647;
			files = (
			);
			inputFileListPaths = (
			);
			inputPaths = (
				"${DWARF_DSYM_FOLDER_PATH}/${DWARF_DSYM_FILE_NAME}",
				"${DWARF_DSYM_FOLDER_PATH}/${DWARF_DSYM_FILE_NAME}/Contents/Resources/DWARF/${PRODUCT_NAME}",
				"${DWARF_DSYM_FOLDER_PATH}/${DWARF_DSYM_FILE_NAME}/Contents/Info.plist",
				"$(TARGET_BUILD_DIR)/$(UNLOCALIZED_RESOURCES_FOLDER_PATH)/GoogleService-Info.plist",
				"$(TARGET_BUILD_DIR)/$(EXECUTABLE_PATH)",
			);
			name = CrashLytics;
			outputFileListPaths = (
			);
			outputPaths = (
			);
			runOnlyForDeploymentPostprocessing = 0;
			shellPath = /bin/sh;
			shellScript = "# Type a script or drag a script file from your workspace to insert its path.\n${BUILD_DIR%/Build/*}/SourcePackages/checkouts/firebase-ios-sdk/Crashlytics/run\n";
		};
/* End PBXShellScriptBuildPhase section */

/* Begin PBXSourcesBuildPhase section */
		F57105972CA1658C00E2922C /* Sources */ = {
			isa = PBXSourcesBuildPhase;
			buildActionMask = 2147483647;
			files = (
				F56DF89A2CA46AD30003A2F6 /* EditProfileView.swift in Sources */,
				F54CCD062CA2E71500B12C0E /* SnippetListView.swift in Sources */,
				F5ABD4BD2CA43AB900195808 /* ProfileView.swift in Sources */,
				F5E9433A2CA567E300BE3072 /* SnippetViewModel.swift in Sources */,
				F5C670E92CA5B81400AFE233 /* SnippetDetailView.swift in Sources */,
				F57105D02CA1659400E2922C /* CODSnippetSaverApp.swift in Sources */,
				F5ABD4B92CA4241A00195808 /* FirebaseManager.swift in Sources */,
				F5E943382CA5674A00BE3072 /* FireSnippet.swift in Sources */,
				F54CCD002CA2DD2D00B12C0E /* UserViewModel.swift in Sources */,
				F5ABD4BB2CA42A5600195808 /* FireUser.swift in Sources */,
				F5E943362CA55D2500BE3072 /* Untitled.swift in Sources */,
				F5E9433D2CA56E8B00BE3072 /* SnippetAddView.swift in Sources */,
				F54CCD022CA2E08F00B12C0E /* LoginView.swift in Sources */,
				F57105E12CA1766000E2922C /* CODSnippetView.swift in Sources */,
				F54CCD042CA2E6DE00B12C0E /* CategoryListView.swift in Sources */,
			);
			runOnlyForDeploymentPostprocessing = 0;
		};
		F57105A72CA1658E00E2922C /* Sources */ = {
			isa = PBXSourcesBuildPhase;
			buildActionMask = 2147483647;
			files = (
			);
			runOnlyForDeploymentPostprocessing = 0;
		};
		F57105B12CA1658E00E2922C /* Sources */ = {
			isa = PBXSourcesBuildPhase;
			buildActionMask = 2147483647;
			files = (
			);
			runOnlyForDeploymentPostprocessing = 0;
		};
/* End PBXSourcesBuildPhase section */

/* Begin PBXTargetDependency section */
		F57105AD2CA1658E00E2922C /* PBXTargetDependency */ = {
			isa = PBXTargetDependency;
			target = F571059A2CA1658C00E2922C /* CODSnippetSaver */;
			targetProxy = F57105AC2CA1658E00E2922C /* PBXContainerItemProxy */;
		};
		F57105B72CA1658E00E2922C /* PBXTargetDependency */ = {
			isa = PBXTargetDependency;
			target = F571059A2CA1658C00E2922C /* CODSnippetSaver */;
			targetProxy = F57105B62CA1658E00E2922C /* PBXContainerItemProxy */;
		};
/* End PBXTargetDependency section */

/* Begin XCBuildConfiguration section */
		F57105BD2CA1658E00E2922C /* Debug */ = {
			isa = XCBuildConfiguration;
			buildSettings = {
				ALWAYS_SEARCH_USER_PATHS = NO;
				ASSETCATALOG_COMPILER_GENERATE_SWIFT_ASSET_SYMBOL_EXTENSIONS = YES;
				CLANG_ANALYZER_NONNULL = YES;
				CLANG_ANALYZER_NUMBER_OBJECT_CONVERSION = YES_AGGRESSIVE;
				CLANG_CXX_LANGUAGE_STANDARD = "gnu++20";
				CLANG_ENABLE_MODULES = YES;
				CLANG_ENABLE_OBJC_ARC = YES;
				CLANG_ENABLE_OBJC_WEAK = YES;
				CLANG_WARN_BLOCK_CAPTURE_AUTORELEASING = YES;
				CLANG_WARN_BOOL_CONVERSION = YES;
				CLANG_WARN_COMMA = YES;
				CLANG_WARN_CONSTANT_CONVERSION = YES;
				CLANG_WARN_DEPRECATED_OBJC_IMPLEMENTATIONS = YES;
				CLANG_WARN_DIRECT_OBJC_ISA_USAGE = YES_ERROR;
				CLANG_WARN_DOCUMENTATION_COMMENTS = YES;
				CLANG_WARN_EMPTY_BODY = YES;
				CLANG_WARN_ENUM_CONVERSION = YES;
				CLANG_WARN_INFINITE_RECURSION = YES;
				CLANG_WARN_INT_CONVERSION = YES;
				CLANG_WARN_NON_LITERAL_NULL_CONVERSION = YES;
				CLANG_WARN_OBJC_IMPLICIT_RETAIN_SELF = YES;
				CLANG_WARN_OBJC_LITERAL_CONVERSION = YES;
				CLANG_WARN_OBJC_ROOT_CLASS = YES_ERROR;
				CLANG_WARN_QUOTED_INCLUDE_IN_FRAMEWORK_HEADER = YES;
				CLANG_WARN_RANGE_LOOP_ANALYSIS = YES;
				CLANG_WARN_STRICT_PROTOTYPES = YES;
				CLANG_WARN_SUSPICIOUS_MOVE = YES;
				CLANG_WARN_UNGUARDED_AVAILABILITY = YES_AGGRESSIVE;
				CLANG_WARN_UNREACHABLE_CODE = YES;
				CLANG_WARN__DUPLICATE_METHOD_MATCH = YES;
				COPY_PHASE_STRIP = NO;
				DEBUG_INFORMATION_FORMAT = dwarf;
				ENABLE_STRICT_OBJC_MSGSEND = YES;
				ENABLE_TESTABILITY = YES;
				ENABLE_USER_SCRIPT_SANDBOXING = YES;
				GCC_C_LANGUAGE_STANDARD = gnu17;
				GCC_DYNAMIC_NO_PIC = NO;
				GCC_NO_COMMON_BLOCKS = YES;
				GCC_OPTIMIZATION_LEVEL = 0;
				GCC_PREPROCESSOR_DEFINITIONS = (
					"DEBUG=1",
					"$(inherited)",
				);
				GCC_WARN_64_TO_32_BIT_CONVERSION = YES;
				GCC_WARN_ABOUT_RETURN_TYPE = YES_ERROR;
				GCC_WARN_UNDECLARED_SELECTOR = YES;
				GCC_WARN_UNINITIALIZED_AUTOS = YES_AGGRESSIVE;
				GCC_WARN_UNUSED_FUNCTION = YES;
				GCC_WARN_UNUSED_VARIABLE = YES;
				IPHONEOS_DEPLOYMENT_TARGET = 18.0;
				LOCALIZATION_PREFERS_STRING_CATALOGS = YES;
				MTL_ENABLE_DEBUG_INFO = INCLUDE_SOURCE;
				MTL_FAST_MATH = YES;
				ONLY_ACTIVE_ARCH = YES;
				SDKROOT = iphoneos;
				SWIFT_ACTIVE_COMPILATION_CONDITIONS = "DEBUG $(inherited)";
				SWIFT_OPTIMIZATION_LEVEL = "-Onone";
			};
			name = Debug;
		};
		F57105BE2CA1658E00E2922C /* Release */ = {
			isa = XCBuildConfiguration;
			buildSettings = {
				ALWAYS_SEARCH_USER_PATHS = NO;
				ASSETCATALOG_COMPILER_GENERATE_SWIFT_ASSET_SYMBOL_EXTENSIONS = YES;
				CLANG_ANALYZER_NONNULL = YES;
				CLANG_ANALYZER_NUMBER_OBJECT_CONVERSION = YES_AGGRESSIVE;
				CLANG_CXX_LANGUAGE_STANDARD = "gnu++20";
				CLANG_ENABLE_MODULES = YES;
				CLANG_ENABLE_OBJC_ARC = YES;
				CLANG_ENABLE_OBJC_WEAK = YES;
				CLANG_WARN_BLOCK_CAPTURE_AUTORELEASING = YES;
				CLANG_WARN_BOOL_CONVERSION = YES;
				CLANG_WARN_COMMA = YES;
				CLANG_WARN_CONSTANT_CONVERSION = YES;
				CLANG_WARN_DEPRECATED_OBJC_IMPLEMENTATIONS = YES;
				CLANG_WARN_DIRECT_OBJC_ISA_USAGE = YES_ERROR;
				CLANG_WARN_DOCUMENTATION_COMMENTS = YES;
				CLANG_WARN_EMPTY_BODY = YES;
				CLANG_WARN_ENUM_CONVERSION = YES;
				CLANG_WARN_INFINITE_RECURSION = YES;
				CLANG_WARN_INT_CONVERSION = YES;
				CLANG_WARN_NON_LITERAL_NULL_CONVERSION = YES;
				CLANG_WARN_OBJC_IMPLICIT_RETAIN_SELF = YES;
				CLANG_WARN_OBJC_LITERAL_CONVERSION = YES;
				CLANG_WARN_OBJC_ROOT_CLASS = YES_ERROR;
				CLANG_WARN_QUOTED_INCLUDE_IN_FRAMEWORK_HEADER = YES;
				CLANG_WARN_RANGE_LOOP_ANALYSIS = YES;
				CLANG_WARN_STRICT_PROTOTYPES = YES;
				CLANG_WARN_SUSPICIOUS_MOVE = YES;
				CLANG_WARN_UNGUARDED_AVAILABILITY = YES_AGGRESSIVE;
				CLANG_WARN_UNREACHABLE_CODE = YES;
				CLANG_WARN__DUPLICATE_METHOD_MATCH = YES;
				COPY_PHASE_STRIP = NO;
				DEBUG_INFORMATION_FORMAT = "dwarf-with-dsym";
				ENABLE_NS_ASSERTIONS = NO;
				ENABLE_STRICT_OBJC_MSGSEND = YES;
				ENABLE_USER_SCRIPT_SANDBOXING = YES;
				GCC_C_LANGUAGE_STANDARD = gnu17;
				GCC_NO_COMMON_BLOCKS = YES;
				GCC_WARN_64_TO_32_BIT_CONVERSION = YES;
				GCC_WARN_ABOUT_RETURN_TYPE = YES_ERROR;
				GCC_WARN_UNDECLARED_SELECTOR = YES;
				GCC_WARN_UNINITIALIZED_AUTOS = YES_AGGRESSIVE;
				GCC_WARN_UNUSED_FUNCTION = YES;
				GCC_WARN_UNUSED_VARIABLE = YES;
				IPHONEOS_DEPLOYMENT_TARGET = 18.0;
				LOCALIZATION_PREFERS_STRING_CATALOGS = YES;
				MTL_ENABLE_DEBUG_INFO = NO;
				MTL_FAST_MATH = YES;
				SDKROOT = iphoneos;
				SWIFT_COMPILATION_MODE = wholemodule;
				VALIDATE_PRODUCT = YES;
			};
			name = Release;
		};
		F57105C02CA1658E00E2922C /* Debug */ = {
			isa = XCBuildConfiguration;
			buildSettings = {
				ASSETCATALOG_COMPILER_APPICON_NAME = AppIcon;
				ASSETCATALOG_COMPILER_GLOBAL_ACCENT_COLOR_NAME = AccentColor;
				CODE_SIGN_STYLE = Automatic;
				CURRENT_PROJECT_VERSION = 1;
				DEBUG_INFORMATION_FORMAT = "dwarf-with-dsym";
				DEVELOPMENT_ASSET_PATHS = "\"CODSnippetSaver/Views\"";
				ENABLE_PREVIEWS = YES;
				GENERATE_INFOPLIST_FILE = YES;
				INFOPLIST_KEY_UIApplicationSceneManifest_Generation = YES;
				INFOPLIST_KEY_UIApplicationSupportsIndirectInputEvents = YES;
				INFOPLIST_KEY_UILaunchScreen_Generation = YES;
				INFOPLIST_KEY_UISupportedInterfaceOrientations = UIInterfaceOrientationPortrait;
				IPHONEOS_DEPLOYMENT_TARGET = 17.6;
				LD_RUNPATH_SEARCH_PATHS = (
					"$(inherited)",
					"@executable_path/Frameworks",
				);
				MARKETING_VERSION = 1.0;
				PRODUCT_BUNDLE_IDENTIFIER = "de.syntax-institut.CODSnippetSaver";
				PRODUCT_NAME = "$(TARGET_NAME)";
				SUPPORTED_PLATFORMS = "iphoneos iphonesimulator";
				SUPPORTS_MACCATALYST = NO;
				SUPPORTS_MAC_DESIGNED_FOR_IPHONE_IPAD = NO;
				SUPPORTS_XR_DESIGNED_FOR_IPHONE_IPAD = NO;
				SWIFT_EMIT_LOC_STRINGS = YES;
				SWIFT_VERSION = 5.0;
				TARGETED_DEVICE_FAMILY = 1;
			};
			name = Debug;
		};
		F57105C12CA1658E00E2922C /* Release */ = {
			isa = XCBuildConfiguration;
			buildSettings = {
				ASSETCATALOG_COMPILER_APPICON_NAME = AppIcon;
				ASSETCATALOG_COMPILER_GLOBAL_ACCENT_COLOR_NAME = AccentColor;
				CODE_SIGN_STYLE = Automatic;
				CURRENT_PROJECT_VERSION = 1;
				DEVELOPMENT_ASSET_PATHS = "\"CODSnippetSaver/Views\"";
				ENABLE_PREVIEWS = YES;
				GENERATE_INFOPLIST_FILE = YES;
				INFOPLIST_KEY_UIApplicationSceneManifest_Generation = YES;
				INFOPLIST_KEY_UIApplicationSupportsIndirectInputEvents = YES;
				INFOPLIST_KEY_UILaunchScreen_Generation = YES;
				INFOPLIST_KEY_UISupportedInterfaceOrientations = UIInterfaceOrientationPortrait;
				IPHONEOS_DEPLOYMENT_TARGET = 17.6;
				LD_RUNPATH_SEARCH_PATHS = (
					"$(inherited)",
					"@executable_path/Frameworks",
				);
				MARKETING_VERSION = 1.0;
				PRODUCT_BUNDLE_IDENTIFIER = "de.syntax-institut.CODSnippetSaver";
				PRODUCT_NAME = "$(TARGET_NAME)";
				SUPPORTED_PLATFORMS = "iphoneos iphonesimulator";
				SUPPORTS_MACCATALYST = NO;
				SUPPORTS_MAC_DESIGNED_FOR_IPHONE_IPAD = NO;
				SUPPORTS_XR_DESIGNED_FOR_IPHONE_IPAD = NO;
				SWIFT_EMIT_LOC_STRINGS = YES;
				SWIFT_VERSION = 5.0;
				TARGETED_DEVICE_FAMILY = 1;
			};
			name = Release;
		};
		F57105C32CA1658E00E2922C /* Debug */ = {
			isa = XCBuildConfiguration;
			buildSettings = {
				BUNDLE_LOADER = "$(TEST_HOST)";
				CODE_SIGN_STYLE = Automatic;
				CURRENT_PROJECT_VERSION = 1;
				GENERATE_INFOPLIST_FILE = YES;
				IPHONEOS_DEPLOYMENT_TARGET = 18.0;
				MARKETING_VERSION = 1.0;
				PRODUCT_BUNDLE_IDENTIFIER = "de.syntax-institut.CODSnippetSaverTests";
				PRODUCT_NAME = "$(TARGET_NAME)";
				SWIFT_EMIT_LOC_STRINGS = NO;
				SWIFT_VERSION = 5.0;
				TARGETED_DEVICE_FAMILY = "1,2";
				TEST_HOST = "$(BUILT_PRODUCTS_DIR)/CODSnippetSaver.app/$(BUNDLE_EXECUTABLE_FOLDER_PATH)/CODSnippetSaver";
			};
			name = Debug;
		};
		F57105C42CA1658E00E2922C /* Release */ = {
			isa = XCBuildConfiguration;
			buildSettings = {
				BUNDLE_LOADER = "$(TEST_HOST)";
				CODE_SIGN_STYLE = Automatic;
				CURRENT_PROJECT_VERSION = 1;
				GENERATE_INFOPLIST_FILE = YES;
				IPHONEOS_DEPLOYMENT_TARGET = 18.0;
				MARKETING_VERSION = 1.0;
				PRODUCT_BUNDLE_IDENTIFIER = "de.syntax-institut.CODSnippetSaverTests";
				PRODUCT_NAME = "$(TARGET_NAME)";
				SWIFT_EMIT_LOC_STRINGS = NO;
				SWIFT_VERSION = 5.0;
				TARGETED_DEVICE_FAMILY = "1,2";
				TEST_HOST = "$(BUILT_PRODUCTS_DIR)/CODSnippetSaver.app/$(BUNDLE_EXECUTABLE_FOLDER_PATH)/CODSnippetSaver";
			};
			name = Release;
		};
		F57105C62CA1658E00E2922C /* Debug */ = {
			isa = XCBuildConfiguration;
			buildSettings = {
				CODE_SIGN_STYLE = Automatic;
				CURRENT_PROJECT_VERSION = 1;
				GENERATE_INFOPLIST_FILE = YES;
				MARKETING_VERSION = 1.0;
				PRODUCT_BUNDLE_IDENTIFIER = "de.syntax-institut.CODSnippetSaverUITests";
				PRODUCT_NAME = "$(TARGET_NAME)";
				SWIFT_EMIT_LOC_STRINGS = NO;
				SWIFT_VERSION = 5.0;
				TARGETED_DEVICE_FAMILY = "1,2";
				TEST_TARGET_NAME = CODSnippetSaver;
			};
			name = Debug;
		};
		F57105C72CA1658E00E2922C /* Release */ = {
			isa = XCBuildConfiguration;
			buildSettings = {
				CODE_SIGN_STYLE = Automatic;
				CURRENT_PROJECT_VERSION = 1;
				GENERATE_INFOPLIST_FILE = YES;
				MARKETING_VERSION = 1.0;
				PRODUCT_BUNDLE_IDENTIFIER = "de.syntax-institut.CODSnippetSaverUITests";
				PRODUCT_NAME = "$(TARGET_NAME)";
				SWIFT_EMIT_LOC_STRINGS = NO;
				SWIFT_VERSION = 5.0;
				TARGETED_DEVICE_FAMILY = "1,2";
				TEST_TARGET_NAME = CODSnippetSaver;
			};
			name = Release;
		};
/* End XCBuildConfiguration section */

/* Begin XCConfigurationList section */
		F57105962CA1658C00E2922C /* Build configuration list for PBXProject "CODSnippetSaver" */ = {
			isa = XCConfigurationList;
			buildConfigurations = (
				F57105BD2CA1658E00E2922C /* Debug */,
				F57105BE2CA1658E00E2922C /* Release */,
			);
			defaultConfigurationIsVisible = 0;
			defaultConfigurationName = Release;
		};
		F57105BF2CA1658E00E2922C /* Build configuration list for PBXNativeTarget "CODSnippetSaver" */ = {
			isa = XCConfigurationList;
			buildConfigurations = (
				F57105C02CA1658E00E2922C /* Debug */,
				F57105C12CA1658E00E2922C /* Release */,
			);
			defaultConfigurationIsVisible = 0;
			defaultConfigurationName = Release;
		};
		F57105C22CA1658E00E2922C /* Build configuration list for PBXNativeTarget "CODSnippetSaverTests" */ = {
			isa = XCConfigurationList;
			buildConfigurations = (
				F57105C32CA1658E00E2922C /* Debug */,
				F57105C42CA1658E00E2922C /* Release */,
			);
			defaultConfigurationIsVisible = 0;
			defaultConfigurationName = Release;
		};
		F57105C52CA1658E00E2922C /* Build configuration list for PBXNativeTarget "CODSnippetSaverUITests" */ = {
			isa = XCConfigurationList;
			buildConfigurations = (
				F57105C62CA1658E00E2922C /* Debug */,
				F57105C72CA1658E00E2922C /* Release */,
			);
			defaultConfigurationIsVisible = 0;
			defaultConfigurationName = Release;
		};
/* End XCConfigurationList section */

/* Begin XCRemoteSwiftPackageReference section */
		F57105D42CA1692200E2922C /* XCRemoteSwiftPackageReference "firebase-ios-sdk" */ = {
			isa = XCRemoteSwiftPackageReference;
			repositoryURL = "https://github.com/firebase/firebase-ios-sdk";
			requirement = {
				kind = upToNextMajorVersion;
				minimumVersion = 11.2.0;
			};
		};
/* End XCRemoteSwiftPackageReference section */

/* Begin XCSwiftPackageProductDependency section */
		F57105D52CA1692200E2922C /* FirebaseAuth */ = {
			isa = XCSwiftPackageProductDependency;
			package = F57105D42CA1692200E2922C /* XCRemoteSwiftPackageReference "firebase-ios-sdk" */;
			productName = FirebaseAuth;
		};
		F57105D72CA1692200E2922C /* FirebaseCrashlytics */ = {
			isa = XCSwiftPackageProductDependency;
			package = F57105D42CA1692200E2922C /* XCRemoteSwiftPackageReference "firebase-ios-sdk" */;
			productName = FirebaseCrashlytics;
		};
		F57105E42CA176F500E2922C /* FirebaseFirestore */ = {
			isa = XCSwiftPackageProductDependency;
			package = F57105D42CA1692200E2922C /* XCRemoteSwiftPackageReference "firebase-ios-sdk" */;
			productName = FirebaseFirestore;
		};
/* End XCSwiftPackageProductDependency section */
	};
	rootObject = F57105932CA1658C00E2922C /* Project object */;
}
